
Microsoft Visual Studio Solution File, Format Version 12.00
# Visual Studio Version 17
VisualStudioVersion = 17.3.32929.385
MinimumVisualStudioVersion = 10.0.40219.1
Project("{FAE04EC0-301F-11D3-BF4B-00C04F79EFBC}") = "News.DataAccess", "News.DataAccess\News.DataAccess.csproj", "{FA201108-CE9F-47C5-8E16-75CEC481C93A}"
EndProject
Project("{FAE04EC0-301F-11D3-BF4B-00C04F79EFBC}") = "News.Application", "News.Application\News.Application.csproj", "{EF108777-D27C-499F-9EFC-93C1E26311CA}"
EndProject
Project("{FAE04EC0-301F-11D3-BF4B-00C04F79EFBC}") = "News.Domain", "News.Domain\News.Domain.csproj", "{D6BCB2EE-9300-4C39-84D5-E08F8E129E33}"
EndProject
Project("{FAE04EC0-301F-11D3-BF4B-00C04F79EFBC}") = "News.Utility", "News.Utility\News.Utility.csproj", "{D70937FC-522E-496B-A735-F96BC53A7900}"
EndProject
Project("{FAE04EC0-301F-11D3-BF4B-00C04F79EFBC}") = "News.Web", "News.Web\News.Web.csproj", "{3856108A-196B-44A8-AEA9-89FC54B4C38C}"
EndProject
Global
	GlobalSection(SolutionConfigurationPlatforms) = preSolution
		Debug|Any CPU = Debug|Any CPU
		Release|Any CPU = Release|Any CPU
	EndGlobalSection
	GlobalSection(ProjectConfigurationPlatforms) = postSolution
		{FA201108-CE9F-47C5-8E16-75CEC481C93A}.Debug|Any CPU.ActiveCfg = Debug|Any CPU
		{FA201108-CE9F-47C5-8E16-75CEC481C93A}.Debug|Any CPU.Build.0 = Debug|Any CPU
		{FA201108-CE9F-47C5-8E16-75CEC481C93A}.Release|Any CPU.ActiveCfg = Release|Any CPU
		{FA201108-CE9F-47C5-8E16-75CEC481C93A}.Release|Any CPU.Build.0 = Release|Any CPU
		{EF108777-D27C-499F-9EFC-93C1E26311CA}.Debug|Any CPU.ActiveCfg = Debug|Any CPU
		{EF108777-D27C-499F-9EFC-93C1E26311CA}.Debug|Any CPU.Build.0 = Debug|Any CPU
		{EF108777-D27C-499F-9EFC-93C1E26311CA}.Release|Any CPU.ActiveCfg = Release|Any CPU
		{EF108777-D27C-499F-9EFC-93C1E26311CA}.Release|Any CPU.Build.0 = Release|Any CPU
		{D6BCB2EE-9300-4C39-84D5-E08F8E129E33}.Debug|Any CPU.ActiveCfg = Debug|Any CPU
		{D6BCB2EE-9300-4C39-84D5-E08F8E129E33}.Debug|Any CPU.Build.0 = Debug|Any CPU
		{D6BCB2EE-9300-4C39-84D5-E08F8E129E33}.Release|Any CPU.ActiveCfg = Release|Any CPU
		{D6BCB2EE-9300-4C39-84D5-E08F8E129E33}.Release|Any CPU.Build.0 = Release|Any CPU
		{D70937FC-522E-496B-A735-F96BC53A7900}.Debug|Any CPU.ActiveCfg = Debug|Any CPU
		{D70937FC-522E-496B-A735-F96BC53A7900}.Debug|Any CPU.Build.0 = Debug|Any CPU
		{D70937FC-522E-496B-A735-F96BC53A7900}.Release|Any CPU.ActiveCfg = Release|Any CPU
		{D70937FC-522E-496B-A735-F96BC53A7900}.Release|Any CPU.Build.0 = Release|Any CPU
		{3856108A-196B-44A8-AEA9-89FC54B4C38C}.Debug|Any CPU.ActiveCfg = Debug|Any CPU
		{3856108A-196B-44A8-AEA9-89FC54B4C38C}.Debug|Any CPU.Build.0 = Debug|Any CPU
		{3856108A-196B-44A8-AEA9-89FC54B4C38C}.Release|Any CPU.ActiveCfg = Release|Any CPU
		{3856108A-196B-44A8-AEA9-89FC54B4C38C}.Release|Any CPU.Build.0 = Release|Any CPU
	EndGlobalSection
	GlobalSection(SolutionProperties) = preSolution
		HideSolutionNode = FALSE
	EndGlobalSection
	GlobalSection(ExtensibilityGlobals) = postSolution
		SolutionGuid = {F13514E3-9A30-4CA7-8455-566EA93C66EC}
	EndGlobalSection
EndGlobal
